PODS:
  - Nimble (5.1.1)
  - Quick (0.10.0)
  - RxCocoa (3.1.0):
    - RxSwift (~> 3.1)
  - RxMultipeer (3.0.1):
    - RxCocoa (~> 3.0)
    - RxSwift (~> 3.0)
  - RxSwift (3.1.0)

DEPENDENCIES:
  - Nimble (~> 5.0)
  - Quick (~> 0.10.0)
  - RxCocoa (~> 3.0)
  - RxMultipeer (from `./`)
  - RxSwift (~> 3.0)

EXTERNAL SOURCES:
  RxMultipeer:
    :path: "./"

SPEC CHECKSUMS:
  Nimble: 415e3aa3267e7bc2c96b05fa814ddea7bb686a29
  Quick: 5d290df1c69d5ee2f0729956dcf0fd9a30447eaa
  RxCocoa: 50d7564866da9299161e86a263ce12a0873904d8
  RxMultipeer: ce64377691f800647a485ff0aa949a5184f1aadd
  RxSwift: 83ff553e7593fdfdcb2562933a64c0284dffdadc

PODFILE CHECKSUM: 818ad61a282c829247c6ea91400546d0c10ea2e8

COCOAPODS: 1.1.1
