PODS:
  - Nimble (1.0.0)
  - Quick (0.3.1)
  - RxSwift (1.9)

DEPENDENCIES:
  - Nimble (~> 1.0.0)
  - Quick (~> 0.3.1)
  - RxSwift (~> 1.8)

SPEC CHECKSUMS:
  Nimble: 8bee528e5fcc403653076545db562d2b5db7bb87
  Quick: 824572d3d198d51e52cf4aa722cebf7e59952a35
  RxSwift: 204bf4262908521aa815ec850d93e87e9d635dd5

COCOAPODS: 0.38.1
