// !$*UTF8*$!
{
	archiveVersion = 1;
	classes = {
	};
	objectVersion = 46;
	objects = {

/* Begin PBXBuildFile section */
		5F5E6D97C4F8624EBBE81C71 /* Pods_NKMultipeer.framework in Frameworks */ = {isa = PBXBuildFile; fileRef = 99B67E48B4166B90299DB2AA /* Pods_NKMultipeer.framework */; settings = {ATTRIBUTES = (Weak, ); }; };
		87A51DCF90413DF63AA29C47 /* Pods_NKMultipeerTests.framework in Frameworks */ = {isa = PBXBuildFile; fileRef = 67A3BD5B7DCF6080B8C09F89 /* Pods_NKMultipeerTests.framework */; settings = {ATTRIBUTES = (Weak, ); }; };
		D88C85F71B6F2B1700CF42CF /* NKMultipeer.framework in Frameworks */ = {isa = PBXBuildFile; fileRef = D88C85EB1B6F2B1700CF42CF /* NKMultipeer.framework */; };
		D88C86081B6F2D9000CF42CF /* MultipeerConnectivity.framework in Frameworks */ = {isa = PBXBuildFile; fileRef = D88C86071B6F2D9000CF42CF /* MultipeerConnectivity.framework */; };
		D88C860A1B6F307700CF42CF /* IntegrationSpec.swift in Sources */ = {isa = PBXBuildFile; fileRef = D88C86091B6F307700CF42CF /* IntegrationSpec.swift */; };
		D88C860C1B6F308600CF42CF /* Client.swift in Sources */ = {isa = PBXBuildFile; fileRef = D88C860B1B6F308600CF42CF /* Client.swift */; };
		D88C860F1B6F42F400CF42CF /* Data.txt in Resources */ = {isa = PBXBuildFile; fileRef = D88C860E1B6F42F400CF42CF /* Data.txt */; };
		D88C86121B6F4F3700CF42CF /* ClientIden.swift in Sources */ = {isa = PBXBuildFile; fileRef = D88C86101B6F4F3700CF42CF /* ClientIden.swift */; };
		D88C86131B6F4F3700CF42CF /* Session.swift in Sources */ = {isa = PBXBuildFile; fileRef = D88C86111B6F4F3700CF42CF /* Session.swift */; };
/* End PBXBuildFile section */

/* Begin PBXContainerItemProxy section */
		D88C85F81B6F2B1700CF42CF /* PBXContainerItemProxy */ = {
			isa = PBXContainerItemProxy;
			containerPortal = D88C85E21B6F2B1700CF42CF /* Project object */;
			proxyType = 1;
			remoteGlobalIDString = D88C85EA1B6F2B1700CF42CF;
			remoteInfo = NKMultipeer;
		};
/* End PBXContainerItemProxy section */

/* Begin PBXFileReference section */
		036CBA6CA523D7AB506902DA /* Pods-NKMultipeer.release.xcconfig */ = {isa = PBXFileReference; includeInIndex = 1; lastKnownFileType = text.xcconfig; name = "Pods-NKMultipeer.release.xcconfig"; path = "Pods/Target Support Files/Pods-NKMultipeer/Pods-NKMultipeer.release.xcconfig"; sourceTree = "<group>"; };
		4040EA49402F9220173AC8C5 /* Pods-NKMultipeerTests.debug.xcconfig */ = {isa = PBXFileReference; includeInIndex = 1; lastKnownFileType = text.xcconfig; name = "Pods-NKMultipeerTests.debug.xcconfig"; path = "Pods/Target Support Files/Pods-NKMultipeerTests/Pods-NKMultipeerTests.debug.xcconfig"; sourceTree = "<group>"; };
		4CAE293DA14A99E32C8E0677 /* Pods-NKMultipeerTests.release.xcconfig */ = {isa = PBXFileReference; includeInIndex = 1; lastKnownFileType = text.xcconfig; name = "Pods-NKMultipeerTests.release.xcconfig"; path = "Pods/Target Support Files/Pods-NKMultipeerTests/Pods-NKMultipeerTests.release.xcconfig"; sourceTree = "<group>"; };
		619FC76220462366C6F61AA5 /* Pods-NKMultipeer.debug.xcconfig */ = {isa = PBXFileReference; includeInIndex = 1; lastKnownFileType = text.xcconfig; name = "Pods-NKMultipeer.debug.xcconfig"; path = "Pods/Target Support Files/Pods-NKMultipeer/Pods-NKMultipeer.debug.xcconfig"; sourceTree = "<group>"; };
		67A3BD5B7DCF6080B8C09F89 /* Pods_NKMultipeerTests.framework */ = {isa = PBXFileReference; explicitFileType = wrapper.framework; includeInIndex = 0; path = Pods_NKMultipeerTests.framework; sourceTree = BUILT_PRODUCTS_DIR; };
		99B67E48B4166B90299DB2AA /* Pods_NKMultipeer.framework */ = {isa = PBXFileReference; explicitFileType = wrapper.framework; includeInIndex = 0; path = Pods_NKMultipeer.framework; sourceTree = BUILT_PRODUCTS_DIR; };
		D88C85EB1B6F2B1700CF42CF /* NKMultipeer.framework */ = {isa = PBXFileReference; explicitFileType = wrapper.framework; includeInIndex = 0; path = NKMultipeer.framework; sourceTree = BUILT_PRODUCTS_DIR; };
		D88C85EF1B6F2B1700CF42CF /* Info.plist */ = {isa = PBXFileReference; lastKnownFileType = text.plist.xml; path = Info.plist; sourceTree = "<group>"; };
		D88C85F61B6F2B1700CF42CF /* NKMultipeerTests.xctest */ = {isa = PBXFileReference; explicitFileType = wrapper.cfbundle; includeInIndex = 0; path = NKMultipeerTests.xctest; sourceTree = BUILT_PRODUCTS_DIR; };
		D88C85FC1B6F2B1700CF42CF /* Info.plist */ = {isa = PBXFileReference; lastKnownFileType = text.plist.xml; path = Info.plist; sourceTree = "<group>"; };
		D88C86071B6F2D9000CF42CF /* MultipeerConnectivity.framework */ = {isa = PBXFileReference; lastKnownFileType = wrapper.framework; name = MultipeerConnectivity.framework; path = System/Library/Frameworks/MultipeerConnectivity.framework; sourceTree = SDKROOT; };
		D88C86091B6F307700CF42CF /* IntegrationSpec.swift */ = {isa = PBXFileReference; fileEncoding = 4; lastKnownFileType = sourcecode.swift; path = IntegrationSpec.swift; sourceTree = "<group>"; };
		D88C860B1B6F308600CF42CF /* Client.swift */ = {isa = PBXFileReference; fileEncoding = 4; lastKnownFileType = sourcecode.swift; path = Client.swift; sourceTree = "<group>"; };
		D88C860E1B6F42F400CF42CF /* Data.txt */ = {isa = PBXFileReference; fileEncoding = 4; lastKnownFileType = text; path = Data.txt; sourceTree = "<group>"; };
		D88C86101B6F4F3700CF42CF /* ClientIden.swift */ = {isa = PBXFileReference; fileEncoding = 4; lastKnownFileType = sourcecode.swift; path = ClientIden.swift; sourceTree = "<group>"; };
		D88C86111B6F4F3700CF42CF /* Session.swift */ = {isa = PBXFileReference; fileEncoding = 4; lastKnownFileType = sourcecode.swift; path = Session.swift; sourceTree = "<group>"; };
/* End PBXFileReference section */

/* Begin PBXFrameworksBuildPhase section */
		D88C85E71B6F2B1700CF42CF /* Frameworks */ = {
			isa = PBXFrameworksBuildPhase;
			buildActionMask = 2147483647;
			files = (
				D88C86081B6F2D9000CF42CF /* MultipeerConnectivity.framework in Frameworks */,
				5F5E6D97C4F8624EBBE81C71 /* Pods_NKMultipeer.framework in Frameworks */,
			);
			runOnlyForDeploymentPostprocessing = 0;
		};
		D88C85F31B6F2B1700CF42CF /* Frameworks */ = {
			isa = PBXFrameworksBuildPhase;
			buildActionMask = 2147483647;
			files = (
				D88C85F71B6F2B1700CF42CF /* NKMultipeer.framework in Frameworks */,
				87A51DCF90413DF63AA29C47 /* Pods_NKMultipeerTests.framework in Frameworks */,
			);
			runOnlyForDeploymentPostprocessing = 0;
		};
/* End PBXFrameworksBuildPhase section */

/* Begin PBXGroup section */
		6A362B832317E525259BEBB4 /* Frameworks */ = {
			isa = PBXGroup;
			children = (
				D88C86071B6F2D9000CF42CF /* MultipeerConnectivity.framework */,
				67A3BD5B7DCF6080B8C09F89 /* Pods_NKMultipeerTests.framework */,
				99B67E48B4166B90299DB2AA /* Pods_NKMultipeer.framework */,
			);
			name = Frameworks;
			sourceTree = "<group>";
		};
		D88C85E11B6F2B1700CF42CF = {
			isa = PBXGroup;
			children = (
				D88C85ED1B6F2B1700CF42CF /* NKMultipeer */,
				D88C85FA1B6F2B1700CF42CF /* NKMultipeerTests */,
				D88C85EC1B6F2B1700CF42CF /* Products */,
				EB82402346618094CCA7A1C5 /* Pods */,
				6A362B832317E525259BEBB4 /* Frameworks */,
			);
			sourceTree = "<group>";
		};
		D88C85EC1B6F2B1700CF42CF /* Products */ = {
			isa = PBXGroup;
			children = (
				D88C85EB1B6F2B1700CF42CF /* NKMultipeer.framework */,
				D88C85F61B6F2B1700CF42CF /* NKMultipeerTests.xctest */,
			);
			name = Products;
			sourceTree = "<group>";
		};
		D88C85ED1B6F2B1700CF42CF /* NKMultipeer */ = {
			isa = PBXGroup;
			children = (
				D88C86101B6F4F3700CF42CF /* ClientIden.swift */,
				D88C86111B6F4F3700CF42CF /* Session.swift */,
				D88C860B1B6F308600CF42CF /* Client.swift */,
				D88C85EE1B6F2B1700CF42CF /* Supporting Files */,
			);
			path = NKMultipeer;
			sourceTree = "<group>";
		};
		D88C85EE1B6F2B1700CF42CF /* Supporting Files */ = {
			isa = PBXGroup;
			children = (
				D88C85EF1B6F2B1700CF42CF /* Info.plist */,
			);
			name = "Supporting Files";
			sourceTree = "<group>";
		};
		D88C85FA1B6F2B1700CF42CF /* NKMultipeerTests */ = {
			isa = PBXGroup;
			children = (
				D88C860D1B6F42F400CF42CF /* Fixtures */,
				D88C86091B6F307700CF42CF /* IntegrationSpec.swift */,
				D88C85FB1B6F2B1700CF42CF /* Supporting Files */,
			);
			path = NKMultipeerTests;
			sourceTree = "<group>";
		};
		D88C85FB1B6F2B1700CF42CF /* Supporting Files */ = {
			isa = PBXGroup;
			children = (
				D88C85FC1B6F2B1700CF42CF /* Info.plist */,
			);
			name = "Supporting Files";
			sourceTree = "<group>";
		};
		D88C860D1B6F42F400CF42CF /* Fixtures */ = {
			isa = PBXGroup;
			children = (
				D88C860E1B6F42F400CF42CF /* Data.txt */,
			);
			path = Fixtures;
			sourceTree = "<group>";
		};
		EB82402346618094CCA7A1C5 /* Pods */ = {
			isa = PBXGroup;
			children = (
				4040EA49402F9220173AC8C5 /* Pods-NKMultipeerTests.debug.xcconfig */,
				4CAE293DA14A99E32C8E0677 /* Pods-NKMultipeerTests.release.xcconfig */,
				619FC76220462366C6F61AA5 /* Pods-NKMultipeer.debug.xcconfig */,
				036CBA6CA523D7AB506902DA /* Pods-NKMultipeer.release.xcconfig */,
			);
			name = Pods;
			sourceTree = "<group>";
		};
/* End PBXGroup section */

/* Begin PBXHeadersBuildPhase section */
		D88C85E81B6F2B1700CF42CF /* Headers */ = {
			isa = PBXHeadersBuildPhase;
			buildActionMask = 2147483647;
			files = (
			);
			runOnlyForDeploymentPostprocessing = 0;
		};
/* End PBXHeadersBuildPhase section */

/* Begin PBXNativeTarget section */
		D88C85EA1B6F2B1700CF42CF /* NKMultipeer */ = {
			isa = PBXNativeTarget;
			buildConfigurationList = D88C86011B6F2B1700CF42CF /* Build configuration list for PBXNativeTarget "NKMultipeer" */;
			buildPhases = (
				430E7E5ECD9EE37FF3E0EB9D /* Check Pods Manifest.lock */,
				D88C85E61B6F2B1700CF42CF /* Sources */,
				D88C85E71B6F2B1700CF42CF /* Frameworks */,
				D88C85E81B6F2B1700CF42CF /* Headers */,
				D88C85E91B6F2B1700CF42CF /* Resources */,
				444F8C06CAD6344057E8C26A /* Copy Pods Resources */,
			);
			buildRules = (
			);
			dependencies = (
			);
			name = NKMultipeer;
			productName = NKMultipeer;
			productReference = D88C85EB1B6F2B1700CF42CF /* NKMultipeer.framework */;
			productType = "com.apple.product-type.framework";
		};
		D88C85F51B6F2B1700CF42CF /* NKMultipeerTests */ = {
			isa = PBXNativeTarget;
			buildConfigurationList = D88C86041B6F2B1700CF42CF /* Build configuration list for PBXNativeTarget "NKMultipeerTests" */;
			buildPhases = (
				1372C839617FE0D53D24C7A5 /* Check Pods Manifest.lock */,
				D88C85F21B6F2B1700CF42CF /* Sources */,
				D88C85F31B6F2B1700CF42CF /* Frameworks */,
				D88C85F41B6F2B1700CF42CF /* Resources */,
				B0ECB13BF65C1FA86B86684A /* Embed Pods Frameworks */,
				4775252201CC55E1B4671B9F /* Copy Pods Resources */,
			);
			buildRules = (
			);
			dependencies = (
				D88C85F91B6F2B1700CF42CF /* PBXTargetDependency */,
			);
			name = NKMultipeerTests;
			productName = NKMultipeerTests;
			productReference = D88C85F61B6F2B1700CF42CF /* NKMultipeerTests.xctest */;
			productType = "com.apple.product-type.bundle.unit-test";
		};
/* End PBXNativeTarget section */

/* Begin PBXProject section */
		D88C85E21B6F2B1700CF42CF /* Project object */ = {
			isa = PBXProject;
			attributes = {
				LastUpgradeCheck = 0640;
				ORGANIZATIONNAME = "Nathan Kot";
				TargetAttributes = {
					D88C85EA1B6F2B1700CF42CF = {
						CreatedOnToolsVersion = 6.4;
					};
					D88C85F51B6F2B1700CF42CF = {
						CreatedOnToolsVersion = 6.4;
					};
				};
			};
			buildConfigurationList = D88C85E51B6F2B1700CF42CF /* Build configuration list for PBXProject "NKMultipeer" */;
			compatibilityVersion = "Xcode 3.2";
			developmentRegion = English;
			hasScannedForEncodings = 0;
			knownRegions = (
				en,
			);
			mainGroup = D88C85E11B6F2B1700CF42CF;
			productRefGroup = D88C85EC1B6F2B1700CF42CF /* Products */;
			projectDirPath = "";
			projectRoot = "";
			targets = (
				D88C85EA1B6F2B1700CF42CF /* NKMultipeer */,
				D88C85F51B6F2B1700CF42CF /* NKMultipeerTests */,
			);
		};
/* End PBXProject section */

/* Begin PBXResourcesBuildPhase section */
		D88C85E91B6F2B1700CF42CF /* Resources */ = {
			isa = PBXResourcesBuildPhase;
			buildActionMask = 2147483647;
			files = (
			);
			runOnlyForDeploymentPostprocessing = 0;
		};
		D88C85F41B6F2B1700CF42CF /* Resources */ = {
			isa = PBXResourcesBuildPhase;
			buildActionMask = 2147483647;
			files = (
				D88C860F1B6F42F400CF42CF /* Data.txt in Resources */,
			);
			runOnlyForDeploymentPostprocessing = 0;
		};
/* End PBXResourcesBuildPhase section */

/* Begin PBXShellScriptBuildPhase section */
		1372C839617FE0D53D24C7A5 /* Check Pods Manifest.lock */ = {
			isa = PBXShellScriptBuildPhase;
			buildActionMask = 2147483647;
			files = (
			);
			inputPaths = (
			);
			name = "Check Pods Manifest.lock";
			outputPaths = (
			);
			runOnlyForDeploymentPostprocessing = 0;
			shellPath = /bin/sh;
			shellScript = "diff \"${PODS_ROOT}/../Podfile.lock\" \"${PODS_ROOT}/Manifest.lock\" > /dev/null\nif [[ $? != 0 ]] ; then\n    cat << EOM\nerror: The sandbox is not in sync with the Podfile.lock. Run 'pod install' or update your CocoaPods installation.\nEOM\n    exit 1\nfi\n";
			showEnvVarsInLog = 0;
		};
		430E7E5ECD9EE37FF3E0EB9D /* Check Pods Manifest.lock */ = {
			isa = PBXShellScriptBuildPhase;
			buildActionMask = 2147483647;
			files = (
			);
			inputPaths = (
			);
			name = "Check Pods Manifest.lock";
			outputPaths = (
			);
			runOnlyForDeploymentPostprocessing = 0;
			shellPath = /bin/sh;
			shellScript = "diff \"${PODS_ROOT}/../Podfile.lock\" \"${PODS_ROOT}/Manifest.lock\" > /dev/null\nif [[ $? != 0 ]] ; then\n    cat << EOM\nerror: The sandbox is not in sync with the Podfile.lock. Run 'pod install' or update your CocoaPods installation.\nEOM\n    exit 1\nfi\n";
			showEnvVarsInLog = 0;
		};
		444F8C06CAD6344057E8C26A /* Copy Pods Resources */ = {
			isa = PBXShellScriptBuildPhase;
			buildActionMask = 2147483647;
			files = (
			);
			inputPaths = (
			);
			name = "Copy Pods Resources";
			outputPaths = (
			);
			runOnlyForDeploymentPostprocessing = 0;
			shellPath = /bin/sh;
			shellScript = "\"${SRCROOT}/Pods/Target Support Files/Pods-NKMultipeer/Pods-NKMultipeer-resources.sh\"\n";
			showEnvVarsInLog = 0;
		};
		4775252201CC55E1B4671B9F /* Copy Pods Resources */ = {
			isa = PBXShellScriptBuildPhase;
			buildActionMask = 2147483647;
			files = (
			);
			inputPaths = (
			);
			name = "Copy Pods Resources";
			outputPaths = (
			);
			runOnlyForDeploymentPostprocessing = 0;
			shellPath = /bin/sh;
			shellScript = "\"${SRCROOT}/Pods/Target Support Files/Pods-NKMultipeerTests/Pods-NKMultipeerTests-resources.sh\"\n";
			showEnvVarsInLog = 0;
		};
		B0ECB13BF65C1FA86B86684A /* Embed Pods Frameworks */ = {
			isa = PBXShellScriptBuildPhase;
			buildActionMask = 2147483647;
			files = (
			);
			inputPaths = (
			);
			name = "Embed Pods Frameworks";
			outputPaths = (
			);
			runOnlyForDeploymentPostprocessing = 0;
			shellPath = /bin/sh;
			shellScript = "\"${SRCROOT}/Pods/Target Support Files/Pods-NKMultipeerTests/Pods-NKMultipeerTests-frameworks.sh\"\n";
			showEnvVarsInLog = 0;
		};
/* End PBXShellScriptBuildPhase section */

/* Begin PBXSourcesBuildPhase section */
		D88C85E61B6F2B1700CF42CF /* Sources */ = {
			isa = PBXSourcesBuildPhase;
			buildActionMask = 2147483647;
			files = (
				D88C86121B6F4F3700CF42CF /* ClientIden.swift in Sources */,
				D88C860C1B6F308600CF42CF /* Client.swift in Sources */,
				D88C86131B6F4F3700CF42CF /* Session.swift in Sources */,
			);
			runOnlyForDeploymentPostprocessing = 0;
		};
		D88C85F21B6F2B1700CF42CF /* Sources */ = {
			isa = PBXSourcesBuildPhase;
			buildActionMask = 2147483647;
			files = (
				D88C860A1B6F307700CF42CF /* IntegrationSpec.swift in Sources */,
			);
			runOnlyForDeploymentPostprocessing = 0;
		};
/* End PBXSourcesBuildPhase section */

/* Begin PBXTargetDependency section */
		D88C85F91B6F2B1700CF42CF /* PBXTargetDependency */ = {
			isa = PBXTargetDependency;
			target = D88C85EA1B6F2B1700CF42CF /* NKMultipeer */;
			targetProxy = D88C85F81B6F2B1700CF42CF /* PBXContainerItemProxy */;
		};
/* End PBXTargetDependency section */

/* Begin XCBuildConfiguration section */
		D88C85FF1B6F2B1700CF42CF /* Debug */ = {
			isa = XCBuildConfiguration;
			buildSettings = {
				ALWAYS_SEARCH_USER_PATHS = NO;
				CLANG_CXX_LANGUAGE_STANDARD = "gnu++0x";
				CLANG_CXX_LIBRARY = "libc++";
				CLANG_ENABLE_MODULES = YES;
				CLANG_ENABLE_OBJC_ARC = YES;
				CLANG_WARN_BOOL_CONVERSION = YES;
				CLANG_WARN_CONSTANT_CONVERSION = YES;
				CLANG_WARN_DIRECT_OBJC_ISA_USAGE = YES_ERROR;
				CLANG_WARN_EMPTY_BODY = YES;
				CLANG_WARN_ENUM_CONVERSION = YES;
				CLANG_WARN_INT_CONVERSION = YES;
				CLANG_WARN_OBJC_ROOT_CLASS = YES_ERROR;
				CLANG_WARN_UNREACHABLE_CODE = YES;
				CLANG_WARN__DUPLICATE_METHOD_MATCH = YES;
				"CODE_SIGN_IDENTITY[sdk=iphoneos*]" = "iPhone Developer";
				COPY_PHASE_STRIP = NO;
				CURRENT_PROJECT_VERSION = 1;
				DEBUG_INFORMATION_FORMAT = "dwarf-with-dsym";
				ENABLE_STRICT_OBJC_MSGSEND = YES;
				GCC_C_LANGUAGE_STANDARD = gnu99;
				GCC_DYNAMIC_NO_PIC = NO;
				GCC_NO_COMMON_BLOCKS = YES;
				GCC_OPTIMIZATION_LEVEL = 0;
				GCC_PREPROCESSOR_DEFINITIONS = (
					"DEBUG=1",
					"$(inherited)",
				);
				GCC_SYMBOLS_PRIVATE_EXTERN = NO;
				GCC_WARN_64_TO_32_BIT_CONVERSION = YES;
				GCC_WARN_ABOUT_RETURN_TYPE = YES_ERROR;
				GCC_WARN_UNDECLARED_SELECTOR = YES;
				GCC_WARN_UNINITIALIZED_AUTOS = YES_AGGRESSIVE;
				GCC_WARN_UNUSED_FUNCTION = YES;
				GCC_WARN_UNUSED_VARIABLE = YES;
				IPHONEOS_DEPLOYMENT_TARGET = 8.4;
				MTL_ENABLE_DEBUG_INFO = YES;
				ONLY_ACTIVE_ARCH = YES;
				SDKROOT = iphoneos;
				SWIFT_OPTIMIZATION_LEVEL = "-Onone";
				TARGETED_DEVICE_FAMILY = "1,2";
				VERSIONING_SYSTEM = "apple-generic";
				VERSION_INFO_PREFIX = "";
			};
			name = Debug;
		};
		D88C86001B6F2B1700CF42CF /* Release */ = {
			isa = XCBuildConfiguration;
			buildSettings = {
				ALWAYS_SEARCH_USER_PATHS = NO;
				CLANG_CXX_LANGUAGE_STANDARD = "gnu++0x";
				CLANG_CXX_LIBRARY = "libc++";
				CLANG_ENABLE_MODULES = YES;
				CLANG_ENABLE_OBJC_ARC = YES;
				CLANG_WARN_BOOL_CONVERSION = YES;
				CLANG_WARN_CONSTANT_CONVERSION = YES;
				CLANG_WARN_DIRECT_OBJC_ISA_USAGE = YES_ERROR;
				CLANG_WARN_EMPTY_BODY = YES;
				CLANG_WARN_ENUM_CONVERSION = YES;
				CLANG_WARN_INT_CONVERSION = YES;
				CLANG_WARN_OBJC_ROOT_CLASS = YES_ERROR;
				CLANG_WARN_UNREACHABLE_CODE = YES;
				CLANG_WARN__DUPLICATE_METHOD_MATCH = YES;
				"CODE_SIGN_IDENTITY[sdk=iphoneos*]" = "iPhone Developer";
				COPY_PHASE_STRIP = NO;
				CURRENT_PROJECT_VERSION = 1;
				DEBUG_INFORMATION_FORMAT = "dwarf-with-dsym";
				ENABLE_NS_ASSERTIONS = NO;
				ENABLE_STRICT_OBJC_MSGSEND = YES;
				GCC_C_LANGUAGE_STANDARD = gnu99;
				GCC_NO_COMMON_BLOCKS = YES;
				GCC_WARN_64_TO_32_BIT_CONVERSION = YES;
				GCC_WARN_ABOUT_RETURN_TYPE = YES_ERROR;
				GCC_WARN_UNDECLARED_SELECTOR = YES;
				GCC_WARN_UNINITIALIZED_AUTOS = YES_AGGRESSIVE;
				GCC_WARN_UNUSED_FUNCTION = YES;
				GCC_WARN_UNUSED_VARIABLE = YES;
				IPHONEOS_DEPLOYMENT_TARGET = 8.4;
				MTL_ENABLE_DEBUG_INFO = NO;
				SDKROOT = iphoneos;
				TARGETED_DEVICE_FAMILY = "1,2";
				VALIDATE_PRODUCT = YES;
				VERSIONING_SYSTEM = "apple-generic";
				VERSION_INFO_PREFIX = "";
			};
			name = Release;
		};
		D88C86021B6F2B1700CF42CF /* Debug */ = {
			isa = XCBuildConfiguration;
			baseConfigurationReference = 619FC76220462366C6F61AA5 /* Pods-NKMultipeer.debug.xcconfig */;
			buildSettings = {
				DEFINES_MODULE = YES;
				DYLIB_COMPATIBILITY_VERSION = 1;
				DYLIB_CURRENT_VERSION = 1;
				DYLIB_INSTALL_NAME_BASE = "@rpath";
				INFOPLIST_FILE = NKMultipeer/Info.plist;
				INSTALL_PATH = "$(LOCAL_LIBRARY_DIR)/Frameworks";
				LD_RUNPATH_SEARCH_PATHS = "$(inherited) @executable_path/Frameworks @loader_path/Frameworks";
				PRODUCT_NAME = "$(TARGET_NAME)";
				SKIP_INSTALL = YES;
			};
			name = Debug;
		};
		D88C86031B6F2B1700CF42CF /* Release */ = {
			isa = XCBuildConfiguration;
			baseConfigurationReference = 036CBA6CA523D7AB506902DA /* Pods-NKMultipeer.release.xcconfig */;
			buildSettings = {
				DEFINES_MODULE = YES;
				DYLIB_COMPATIBILITY_VERSION = 1;
				DYLIB_CURRENT_VERSION = 1;
				DYLIB_INSTALL_NAME_BASE = "@rpath";
				INFOPLIST_FILE = NKMultipeer/Info.plist;
				INSTALL_PATH = "$(LOCAL_LIBRARY_DIR)/Frameworks";
				LD_RUNPATH_SEARCH_PATHS = "$(inherited) @executable_path/Frameworks @loader_path/Frameworks";
				PRODUCT_NAME = "$(TARGET_NAME)";
				SKIP_INSTALL = YES;
			};
			name = Release;
		};
		D88C86051B6F2B1700CF42CF /* Debug */ = {
			isa = XCBuildConfiguration;
			baseConfigurationReference = 4040EA49402F9220173AC8C5 /* Pods-NKMultipeerTests.debug.xcconfig */;
			buildSettings = {
				FRAMEWORK_SEARCH_PATHS = (
					"$(SDKROOT)/Developer/Library/Frameworks",
					"$(inherited)",
				);
				GCC_PREPROCESSOR_DEFINITIONS = (
					"DEBUG=1",
					"$(inherited)",
				);
				INFOPLIST_FILE = NKMultipeerTests/Info.plist;
				LD_RUNPATH_SEARCH_PATHS = "$(inherited) @executable_path/Frameworks @loader_path/Frameworks";
				PRODUCT_NAME = "$(TARGET_NAME)";
			};
			name = Debug;
		};
		D88C86061B6F2B1700CF42CF /* Release */ = {
			isa = XCBuildConfiguration;
			baseConfigurationReference = 4CAE293DA14A99E32C8E0677 /* Pods-NKMultipeerTests.release.xcconfig */;
			buildSettings = {
				FRAMEWORK_SEARCH_PATHS = (
					"$(SDKROOT)/Developer/Library/Frameworks",
					"$(inherited)",
				);
				INFOPLIST_FILE = NKMultipeerTests/Info.plist;
				LD_RUNPATH_SEARCH_PATHS = "$(inherited) @executable_path/Frameworks @loader_path/Frameworks";
				PRODUCT_NAME = "$(TARGET_NAME)";
			};
			name = Release;
		};
/* End XCBuildConfiguration section */

/* Begin XCConfigurationList section */
		D88C85E51B6F2B1700CF42CF /* Build configuration list for PBXProject "NKMultipeer" */ = {
			isa = XCConfigurationList;
			buildConfigurations = (
				D88C85FF1B6F2B1700CF42CF /* Debug */,
				D88C86001B6F2B1700CF42CF /* Release */,
			);
			defaultConfigurationIsVisible = 0;
			defaultConfigurationName = Release;
		};
		D88C86011B6F2B1700CF42CF /* Build configuration list for PBXNativeTarget "NKMultipeer" */ = {
			isa = XCConfigurationList;
			buildConfigurations = (
				D88C86021B6F2B1700CF42CF /* Debug */,
				D88C86031B6F2B1700CF42CF /* Release */,
			);
			defaultConfigurationIsVisible = 0;
			defaultConfigurationName = Release;
		};
		D88C86041B6F2B1700CF42CF /* Build configuration list for PBXNativeTarget "NKMultipeerTests" */ = {
			isa = XCConfigurationList;
			buildConfigurations = (
				D88C86051B6F2B1700CF42CF /* Debug */,
				D88C86061B6F2B1700CF42CF /* Release */,
			);
			defaultConfigurationIsVisible = 0;
			defaultConfigurationName = Release;
		};
/* End XCConfigurationList section */
	};
	rootObject = D88C85E21B6F2B1700CF42CF /* Project object */;
}
